
Microsoft Visual Studio Solution File, Format Version 12.00
# Visual Studio Version 17
VisualStudioVersion = 17.4.33213.308
MinimumVisualStudioVersion = 10.0.40219.1
Project("{FAE04EC0-301F-11D3-BF4B-00C04F79EFBC}") = "ProjetoUdemy", "ProjetoUdemy\ProjetoUdemy.csproj", "{613228ED-DF74-4959-A389-07D8EFF42BCB}"
EndProject
Global
	GlobalSection(SolutionConfigurationPlatforms) = preSolution
		Debug|Any CPU = Debug|Any CPU
		Release|Any CPU = Release|Any CPU
	EndGlobalSection
	GlobalSection(ProjectConfigurationPlatforms) = postSolution
		{613228ED-DF74-4959-A389-07D8EFF42BCB}.Debug|Any CPU.ActiveCfg = Debug|Any CPU
		{613228ED-DF74-4959-A389-07D8EFF42BCB}.Debug|Any CPU.Build.0 = Debug|Any CPU
		{613228ED-DF74-4959-A389-07D8EFF42BCB}.Release|Any CPU.ActiveCfg = Release|Any CPU
		{613228ED-DF74-4959-A389-07D8EFF42BCB}.Release|Any CPU.Build.0 = Release|Any CPU
	EndGlobalSection
	GlobalSection(SolutionProperties) = preSolution
		HideSolutionNode = FALSE
	EndGlobalSection
	GlobalSection(ExtensibilityGlobals) = postSolution
		SolutionGuid = {E7F868B4-FA33-47D7-9075-A84790059AE2}
	EndGlobalSection
EndGlobal
